// !$*UTF8*$!
{
	archiveVersion = 1;
	classes = {
	};
	objectVersion = 77;
	objects = {

/* Begin PBXBuildFile section */
		EB454BB72F6735F10033B7C6 /* TrophyRoomsIcon.icon in Resources */ = {isa = PBXBuildFile; fileRef = EB454BB62F6735F00033B7C6 /* TrophyRoomsIcon.icon */; };
		EB454BBA2F6737260033B7C6 /* ClerkKit in Frameworks */ = {isa = PBXBuildFile; productRef = EB454BB92F6737260033B7C6 /* ClerkKit */; };
		EB454BBC2F6737260033B7C6 /* ClerkKitUI in Frameworks */ = {isa = PBXBuildFile; productRef = EB454BBB2F6737260033B7C6 /* ClerkKitUI */; };
/* End PBXBuildFile section */

/* Begin PBXContainerItemProxy section */
		EB7016902F549F3D0099D8C5 /* PBXContainerItemProxy */ = {
			isa = PBXContainerItemProxy;
			containerPortal = EB7016782F549F3B0099D8C5 /* Project object */;
			proxyType = 1;
			remoteGlobalIDString = EB70167F2F549F3B0099D8C5;
			remoteInfo = "Trophy Rooms";
		};
		EB70169A2F549F3D0099D8C5 /* PBXContainerItemProxy */ = {
			isa = PBXContainerItemProxy;
			containerPortal = EB7016782F549F3B0099D8C5 /* Project object */;
			proxyType = 1;
			remoteGlobalIDString = EB70167F2F549F3B0099D8C5;
			remoteInfo = "Trophy Rooms";
		};
/* End PBXContainerItemProxy section */

/* Begin PBXFileReference section */
		EB454BB62F6735F00033B7C6 /* TrophyRoomsIcon.icon */ = {isa = PBXFileReference; lastKnownFileType = folder.iconcomposer.icon; path = TrophyRoomsIcon.icon; sourceTree = "<group>"; };
		EB454BBD2F6737300033B7C6 /* Config.xcconfig */ = {isa = PBXFileReference; lastKnownFileType = text.xcconfig; path = Config.xcconfig; sourceTree = "<group>"; };
		EB7016802F549F3B0099D8C5 /* Trophy Rooms.app */ = {isa = PBXFileReference; explicitFileType = wrapper.application; includeInIndex = 0; path = "Trophy Rooms.app"; sourceTree = BUILT_PRODUCTS_DIR; };
		EB70168F2F549F3D0099D8C5 /* Trophy RoomsTests.xctest */ = {isa = PBXFileReference; explicitFileType = wrapper.cfbundle; includeInIndex = 0; path = "Trophy RoomsTests.xctest"; sourceTree = BUILT_PRODUCTS_DIR; };
		EB7016992F549F3D0099D8C5 /* Trophy RoomsUITests.xctest */ = {isa = PBXFileReference; explicitFileType = wrapper.cfbundle; includeInIndex = 0; path = "Trophy RoomsUITests.xctest"; sourceTree = BUILT_PRODUCTS_DIR; };
/* End PBXFileReference section */

/* Begin PBXFileSystemSynchronizedRootGroup section */
		EB7016822F549F3B0099D8C5 /* Trophy Rooms */ = {
			isa = PBXFileSystemSynchronizedRootGroup;
			path = "Trophy Rooms";
			sourceTree = "<group>";
		};
		EB7016922F549F3D0099D8C5 /* Trophy RoomsTests */ = {
			isa = PBXFileSystemSynchronizedRootGroup;
			path = "Trophy RoomsTests";
			sourceTree = "<group>";
		};
		EB70169C2F549F3D0099D8C5 /* Trophy RoomsUITests */ = {
			isa = PBXFileSystemSynchronizedRootGroup;
			path = "Trophy RoomsUITests";
			sourceTree = "<group>";
		};
/* End PBXFileSystemSynchronizedRootGroup section */

/* Begin PBXFrameworksBuildPhase section */
		EB70167D2F549F3B0099D8C5 /* Frameworks */ = {
			isa = PBXFrameworksBuildPhase;
			buildActionMask = 2147483647;
			files = (
				EB454BBA2F6737260033B7C6 /* ClerkKit in Frameworks */,
				EB454BBC2F6737260033B7C6 /* ClerkKitUI in Frameworks */,
			);
			runOnlyForDeploymentPostprocessing = 0;
		};
		EB70168C2F549F3D0099D8C5 /* Frameworks */ = {
			isa = PBXFrameworksBuildPhase;
			buildActionMask = 2147483647;
			files = (
			);
			runOnlyForDeploymentPostprocessing = 0;
		};
		EB7016962F549F3D0099D8C5 /* Frameworks */ = {
			isa = PBXFrameworksBuildPhase;
			buildActionMask = 2147483647;
			files = (
			);
			runOnlyForDeploymentPostprocessing = 0;
		};
/* End PBXFrameworksBuildPhase section */

/* Begin PBXGroup section */
		EB1FC3042F66DF4F00BB871E /* Frameworks */ = {
			isa = PBXGroup;
			children = (
			);
			name = Frameworks;
			sourceTree = "<group>";
		};
		EB7016772F549F3B0099D8C5 = {
			isa = PBXGroup;
			children = (
				EB454BBD2F6737300033B7C6 /* Config.xcconfig */,
				EB7016822F549F3B0099D8C5 /* Trophy Rooms */,
				EB7016922F549F3D0099D8C5 /* Trophy RoomsTests */,
				EB70169C2F549F3D0099D8C5 /* Trophy RoomsUITests */,
				EB1FC3042F66DF4F00BB871E /* Frameworks */,
				EB7016812F549F3B0099D8C5 /* Products */,
				EB454BB62F6735F00033B7C6 /* TrophyRoomsIcon.icon */,
			);
			sourceTree = "<group>";
		};
		EB7016812F549F3B0099D8C5 /* Products */ = {
			isa = PBXGroup;
			children = (
				EB7016802F549F3B0099D8C5 /* Trophy Rooms.app */,
				EB70168F2F549F3D0099D8C5 /* Trophy RoomsTests.xctest */,
				EB7016992F549F3D0099D8C5 /* Trophy RoomsUITests.xctest */,
			);
			name = Products;
			sourceTree = "<group>";
		};
/* End PBXGroup section */

/* Begin PBXNativeTarget section */
		EB70167F2F549F3B0099D8C5 /* Trophy Rooms */ = {
			isa = PBXNativeTarget;
			buildConfigurationList = EB7016A32F549F3D0099D8C5 /* Build configuration list for PBXNativeTarget "Trophy Rooms" */;
			buildPhases = (
				EB70167C2F549F3B0099D8C5 /* Sources */,
				EB70167D2F549F3B0099D8C5 /* Frameworks */,
				EB70167E2F549F3B0099D8C5 /* Resources */,
			);
			buildRules = (
			);
			dependencies = (
			);
			fileSystemSynchronizedGroups = (
				EB7016822F549F3B0099D8C5 /* Trophy Rooms */,
			);
			name = "Trophy Rooms";
			packageProductDependencies = (
				EB454BB92F6737260033B7C6 /* ClerkKit */,
				EB454BBB2F6737260033B7C6 /* ClerkKitUI */,
			);
			productName = "Trophy Rooms";
			productReference = EB7016802F549F3B0099D8C5 /* Trophy Rooms.app */;
			productType = "com.apple.product-type.application";
		};
		EB70168E2F549F3D0099D8C5 /* Trophy RoomsTests */ = {
			isa = PBXNativeTarget;
			buildConfigurationList = EB7016A62F549F3D0099D8C5 /* Build configuration list for PBXNativeTarget "Trophy RoomsTests" */;
			buildPhases = (
				EB70168B2F549F3D0099D8C5 /* Sources */,
				EB70168C2F549F3D0099D8C5 /* Frameworks */,
				EB70168D2F549F3D0099D8C5 /* Resources */,
			);
			buildRules = (
			);
			dependencies = (
				EB7016912F549F3D0099D8C5 /* PBXTargetDependency */,
			);
			fileSystemSynchronizedGroups = (
				EB7016922F549F3D0099D8C5 /* Trophy RoomsTests */,
			);
			name = "Trophy RoomsTests";
			packageProductDependencies = (
			);
			productName = "Trophy RoomsTests";
			productReference = EB70168F2F549F3D0099D8C5 /* Trophy RoomsTests.xctest */;
			productType = "com.apple.product-type.bundle.unit-test";
		};
		EB7016982F549F3D0099D8C5 /* Trophy RoomsUITests */ = {
			isa = PBXNativeTarget;
			buildConfigurationList = EB7016A92F549F3D0099D8C5 /* Build configuration list for PBXNativeTarget "Trophy RoomsUITests" */;
			buildPhases = (
				EB7016952F549F3D0099D8C5 /* Sources */,
				EB7016962F549F3D0099D8C5 /* Frameworks */,
				EB7016972F549F3D0099D8C5 /* Resources */,
			);
			buildRules = (
			);
			dependencies = (
				EB70169B2F549F3D0099D8C5 /* PBXTargetDependency */,
			);
			fileSystemSynchronizedGroups = (
				EB70169C2F549F3D0099D8C5 /* Trophy RoomsUITests */,
			);
			name = "Trophy RoomsUITests";
			packageProductDependencies = (
			);
			productName = "Trophy RoomsUITests";
			productReference = EB7016992F549F3D0099D8C5 /* Trophy RoomsUITests.xctest */;
			productType = "com.apple.product-type.bundle.ui-testing";
		};
/* End PBXNativeTarget section */

/* Begin PBXProject section */
		EB7016782F549F3B0099D8C5 /* Project object */ = {
			isa = PBXProject;
			attributes = {
				BuildIndependentTargetsInParallel = 1;
				LastSwiftUpdateCheck = 2620;
				LastUpgradeCheck = 2640;
				TargetAttributes = {
					EB70167F2F549F3B0099D8C5 = {
						CreatedOnToolsVersion = 26.2;
					};
					EB70168E2F549F3D0099D8C5 = {
						CreatedOnToolsVersion = 26.2;
						TestTargetID = EB70167F2F549F3B0099D8C5;
					};
					EB7016982F549F3D0099D8C5 = {
						CreatedOnToolsVersion = 26.2;
						TestTargetID = EB70167F2F549F3B0099D8C5;
					};
				};
			};
			buildConfigurationList = EB70167B2F549F3B0099D8C5 /* Build configuration list for PBXProject "Trophy Rooms" */;
			developmentRegion = en;
			hasScannedForEncodings = 0;
			knownRegions = (
				en,
				Base,
			);
			mainGroup = EB7016772F549F3B0099D8C5;
			minimizedProjectReferenceProxies = 1;
			packageReferences = (
				EB454BB82F6737260033B7C6 /* XCRemoteSwiftPackageReference "clerk-ios" */,
			);
			preferredProjectObjectVersion = 77;
			productRefGroup = EB7016812F549F3B0099D8C5 /* Products */;
			projectDirPath = "";
			projectRoot = "";
			targets = (
				EB70167F2F549F3B0099D8C5 /* Trophy Rooms */,
				EB70168E2F549F3D0099D8C5 /* Trophy RoomsTests */,
				EB7016982F549F3D0099D8C5 /* Trophy RoomsUITests */,
			);
		};
/* End PBXProject section */

/* Begin PBXResourcesBuildPhase section */
		EB70167E2F549F3B0099D8C5 /* Resources */ = {
			isa = PBXResourcesBuildPhase;
			buildActionMask = 2147483647;
			files = (
				EB454BB72F6735F10033B7C6 /* TrophyRoomsIcon.icon in Resources */,
			);
			runOnlyForDeploymentPostprocessing = 0;
		};
		EB70168D2F549F3D0099D8C5 /* Resources */ = {
			isa = PBXResourcesBuildPhase;
			buildActionMask = 2147483647;
			files = (
			);
			runOnlyForDeploymentPostprocessing = 0;
		};
		EB7016972F549F3D0099D8C5 /* Resources */ = {
			isa = PBXResourcesBuildPhase;
			buildActionMask = 2147483647;
			files = (
			);
			runOnlyForDeploymentPostprocessing = 0;
		};
/* End PBXResourcesBuildPhase section */

/* Begin PBXSourcesBuildPhase section */
		EB70167C2F549F3B0099D8C5 /* Sources */ = {
			isa = PBXSourcesBuildPhase;
			buildActionMask = 2147483647;
			files = (
			);
			runOnlyForDeploymentPostprocessing = 0;
		};
		EB70168B2F549F3D0099D8C5 /* Sources */ = {
			isa = PBXSourcesBuildPhase;
			buildActionMask = 2147483647;
			files = (
			);
			runOnlyForDeploymentPostprocessing = 0;
		};
		EB7016952F549F3D0099D8C5 /* Sources */ = {
			isa = PBXSourcesBuildPhase;
			buildActionMask = 2147483647;
			files = (
			);
			runOnlyForDeploymentPostprocessing = 0;
		};
/* End PBXSourcesBuildPhase section */

/* Begin PBXTargetDependency section */
		EB7016912F549F3D0099D8C5 /* PBXTargetDependency */ = {
			isa = PBXTargetDependency;
			target = EB70167F2F549F3B0099D8C5 /* Trophy Rooms */;
			targetProxy = EB7016902F549F3D0099D8C5 /* PBXContainerItemProxy */;
		};
		EB70169B2F549F3D0099D8C5 /* PBXTargetDependency */ = {
			isa = PBXTargetDependency;
			target = EB70167F2F549F3B0099D8C5 /* Trophy Rooms */;
			targetProxy = EB70169A2F549F3D0099D8C5 /* PBXContainerItemProxy */;
		};
/* End PBXTargetDependency section */

/* Begin XCBuildConfiguration section */
		EB7016A12F549F3D0099D8C5 /* Debug */ = {
			isa = XCBuildConfiguration;
			buildSettings = {
				ALWAYS_SEARCH_USER_PATHS = NO;
				ASSETCATALOG_COMPILER_GENERATE_SWIFT_ASSET_SYMBOL_EXTENSIONS = YES;
				CLANG_ANALYZER_NONNULL = YES;
				CLANG_ANALYZER_NUMBER_OBJECT_CONVERSION = YES_AGGRESSIVE;
				CLANG_CXX_LANGUAGE_STANDARD = "gnu++20";
				CLANG_ENABLE_MODULES = YES;
				CLANG_ENABLE_OBJC_ARC = YES;
				CLANG_ENABLE_OBJC_WEAK = YES;
				CLANG_WARN_BLOCK_CAPTURE_AUTORELEASING = YES;
				CLANG_WARN_BOOL_CONVERSION = YES;
				CLANG_WARN_COMMA = YES;
				CLANG_WARN_CONSTANT_CONVERSION = YES;
				CLANG_WARN_DEPRECATED_OBJC_IMPLEMENTATIONS = YES;
				CLANG_WARN_DIRECT_OBJC_ISA_USAGE = YES_ERROR;
				CLANG_WARN_DOCUMENTATION_COMMENTS = YES;
				CLANG_WARN_EMPTY_BODY = YES;
				CLANG_WARN_ENUM_CONVERSION = YES;
				CLANG_WARN_INFINITE_RECURSION = YES;
				CLANG_WARN_INT_CONVERSION = YES;
				CLANG_WARN_NON_LITERAL_NULL_CONVERSION = YES;
				CLANG_WARN_OBJC_IMPLICIT_RETAIN_SELF = YES;
				CLANG_WARN_OBJC_LITERAL_CONVERSION = YES;
				CLANG_WARN_OBJC_ROOT_CLASS = YES_ERROR;
				CLANG_WARN_QUOTED_INCLUDE_IN_FRAMEWORK_HEADER = YES;
				CLANG_WARN_RANGE_LOOP_ANALYSIS = YES;
				CLANG_WARN_STRICT_PROTOTYPES = YES;
				CLANG_WARN_SUSPICIOUS_MOVE = YES;
				CLANG_WARN_UNGUARDED_AVAILABILITY = YES_AGGRESSIVE;
				CLANG_WARN_UNREACHABLE_CODE = YES;
				CLANG_WARN__DUPLICATE_METHOD_MATCH = YES;
				COPY_PHASE_STRIP = NO;
				DEBUG_INFORMATION_FORMAT = dwarf;
				DEVELOPMENT_TEAM = F35MJXTR84;
				ENABLE_STRICT_OBJC_MSGSEND = YES;
				ENABLE_TESTABILITY = YES;
				ENABLE_USER_SCRIPT_SANDBOXING = YES;
				GCC_C_LANGUAGE_STANDARD = gnu17;
				GCC_DYNAMIC_NO_PIC = NO;
				GCC_NO_COMMON_BLOCKS = YES;
				GCC_OPTIMIZATION_LEVEL = 0;
				GCC_PREPROCESSOR_DEFINITIONS = (
					"DEBUG=1",
					"$(inherited)",
				);
				GCC_WARN_64_TO_32_BIT_CONVERSION = YES;
				GCC_WARN_ABOUT_RETURN_TYPE = YES_ERROR;
				GCC_WARN_UNDECLARED_SELECTOR = YES;
				GCC_WARN_UNINITIALIZED_AUTOS = YES_AGGRESSIVE;
				GCC_WARN_UNUSED_FUNCTION = YES;
				GCC_WARN_UNUSED_VARIABLE = YES;
				IPHONEOS_DEPLOYMENT_TARGET = 26.2;
				LOCALIZATION_PREFERS_STRING_CATALOGS = YES;
				MTL_ENABLE_DEBUG_INFO = INCLUDE_SOURCE;
				MTL_FAST_MATH = YES;
				ONLY_ACTIVE_ARCH = YES;
				SDKROOT = iphoneos;
				STRING_CATALOG_GENERATE_SYMBOLS = YES;
				SWIFT_ACTIVE_COMPILATION_CONDITIONS = "DEBUG $(inherited)";
				SWIFT_OPTIMIZATION_LEVEL = "-Onone";
			};
			name = Debug;
		};
		EB7016A22F549F3D0099D8C5 /* Release */ = {
			isa = XCBuildConfiguration;
			buildSettings = {
				ALWAYS_SEARCH_USER_PATHS = NO;
				ASSETCATALOG_COMPILER_GENERATE_SWIFT_ASSET_SYMBOL_EXTENSIONS = YES;
				CLANG_ANALYZER_NONNULL = YES;
				CLANG_ANALYZER_NUMBER_OBJECT_CONVERSION = YES_AGGRESSIVE;
				CLANG_CXX_LANGUAGE_STANDARD = "gnu++20";
				CLANG_ENABLE_MODULES = YES;
				CLANG_ENABLE_OBJC_ARC = YES;
				CLANG_ENABLE_OBJC_WEAK = YES;
				CLANG_WARN_BLOCK_CAPTURE_AUTORELEASING = YES;
				CLANG_WARN_BOOL_CONVERSION = YES;
				CLANG_WARN_COMMA = YES;
				CLANG_WARN_CONSTANT_CONVERSION = YES;
				CLANG_WARN_DEPRECATED_OBJC_IMPLEMENTATIONS = YES;
				CLANG_WARN_DIRECT_OBJC_ISA_USAGE = YES_ERROR;
				CLANG_WARN_DOCUMENTATION_COMMENTS = YES;
				CLANG_WARN_EMPTY_BODY = YES;
				CLANG_WARN_ENUM_CONVERSION = YES;
				CLANG_WARN_INFINITE_RECURSION = YES;
				CLANG_WARN_INT_CONVERSION = YES;
				CLANG_WARN_NON_LITERAL_NULL_CONVERSION = YES;
				CLANG_WARN_OBJC_IMPLICIT_RETAIN_SELF = YES;
				CLANG_WARN_OBJC_LITERAL_CONVERSION = YES;
				CLANG_WARN_OBJC_ROOT_CLASS = YES_ERROR;
				CLANG_WARN_QUOTED_INCLUDE_IN_FRAMEWORK_HEADER = YES;
				CLANG_WARN_RANGE_LOOP_ANALYSIS = YES;
				CLANG_WARN_STRICT_PROTOTYPES = YES;
				CLANG_WARN_SUSPICIOUS_MOVE = YES;
				CLANG_WARN_UNGUARDED_AVAILABILITY = YES_AGGRESSIVE;
				CLANG_WARN_UNREACHABLE_CODE = YES;
				CLANG_WARN__DUPLICATE_METHOD_MATCH = YES;
				COPY_PHASE_STRIP = NO;
				DEBUG_INFORMATION_FORMAT = "dwarf-with-dsym";
				DEVELOPMENT_TEAM = F35MJXTR84;
				ENABLE_NS_ASSERTIONS = NO;
				ENABLE_STRICT_OBJC_MSGSEND = YES;
				ENABLE_USER_SCRIPT_SANDBOXING = YES;
				GCC_C_LANGUAGE_STANDARD = gnu17;
				GCC_NO_COMMON_BLOCKS = YES;
				GCC_WARN_64_TO_32_BIT_CONVERSION = YES;
				GCC_WARN_ABOUT_RETURN_TYPE = YES_ERROR;
				GCC_WARN_UNDECLARED_SELECTOR = YES;
				GCC_WARN_UNINITIALIZED_AUTOS = YES_AGGRESSIVE;
				GCC_WARN_UNUSED_FUNCTION = YES;
				GCC_WARN_UNUSED_VARIABLE = YES;
				IPHONEOS_DEPLOYMENT_TARGET = 26.2;
				LOCALIZATION_PREFERS_STRING_CATALOGS = YES;
				MTL_ENABLE_DEBUG_INFO = NO;
				MTL_FAST_MATH = YES;
				SDKROOT = iphoneos;
				STRING_CATALOG_GENERATE_SYMBOLS = YES;
				SWIFT_COMPILATION_MODE = wholemodule;
				VALIDATE_PRODUCT = YES;
			};
			name = Release;
		};
		EB7016A42F549F3D0099D8C5 /* Debug */ = {
			isa = XCBuildConfiguration;
			baseConfigurationReference = EB454BBD2F6737300033B7C6 /* Config.xcconfig */;
			buildSettings = {
				ASSETCATALOG_COMPILER_APPICON_NAME = TrophyRoomsIcon;
				ASSETCATALOG_COMPILER_GLOBAL_ACCENT_COLOR_NAME = AccentColor;
				ASSETCATALOG_COMPILER_INCLUDE_ALL_APPICON_ASSETS = YES;
				CODE_SIGN_STYLE = Automatic;
				CURRENT_PROJECT_VERSION = 1;
				DEVELOPMENT_TEAM = F35MJXTR84;
				ENABLE_PREVIEWS = YES;
				GENERATE_INFOPLIST_FILE = YES;
				INFOPLIST_FILE = Info.plist;
				INFOPLIST_KEY_CFBundleDisplayName = "Trophy Rooms";
				INFOPLIST_KEY_LSApplicationCategoryType = "public.app-category.games";
				INFOPLIST_KEY_UIApplicationSceneManifest_Generation = YES;
				INFOPLIST_KEY_UIApplicationSupportsIndirectInputEvents = YES;
				INFOPLIST_KEY_UILaunchScreen_Generation = YES;
				INFOPLIST_KEY_UISupportedInterfaceOrientations_iPad = "UIInterfaceOrientationPortrait UIInterfaceOrientationPortraitUpsideDown UIInterfaceOrientationLandscapeLeft UIInterfaceOrientationLandscapeRight";
				INFOPLIST_KEY_UISupportedInterfaceOrientations_iPhone = "UIInterfaceOrientationPortrait UIInterfaceOrientationLandscapeLeft UIInterfaceOrientationLandscapeRight";
				IPHONEOS_DEPLOYMENT_TARGET = 18.0;
				LD_RUNPATH_SEARCH_PATHS = (
					"$(inherited)",
					"@executable_path/Frameworks",
				);
				MARKETING_VERSION = 1.0;
				PRODUCT_BUNDLE_IDENTIFIER = "org.trophyrooms.Trophy-Rooms";
				PRODUCT_NAME = "$(TARGET_NAME)";
				STRING_CATALOG_GENERATE_SYMBOLS = YES;
				SWIFT_APPROACHABLE_CONCURRENCY = YES;
				SWIFT_DEFAULT_ACTOR_ISOLATION = MainActor;
				SWIFT_EMIT_LOC_STRINGS = YES;
				SWIFT_UPCOMING_FEATURE_MEMBER_IMPORT_VISIBILITY = YES;
				SWIFT_VERSION = 5.0;
				TARGETED_DEVICE_FAMILY = "1,2";
			};
			name = Debug;
		};
		EB7016A52F549F3D0099D8C5 /* Release */ = {
			isa = XCBuildConfiguration;
			baseConfigurationReference = EB454BBD2F6737300033B7C6 /* Config.xcconfig */;
			buildSettings = {
				ASSETCATALOG_COMPILER_APPICON_NAME = TrophyRoomsIcon;
				ASSETCATALOG_COMPILER_GLOBAL_ACCENT_COLOR_NAME = AccentColor;
				ASSETCATALOG_COMPILER_INCLUDE_ALL_APPICON_ASSETS = YES;
				CODE_SIGN_STYLE = Automatic;
				CURRENT_PROJECT_VERSION = 1;
				DEVELOPMENT_TEAM = F35MJXTR84;
				ENABLE_PREVIEWS = YES;
				GENERATE_INFOPLIST_FILE = YES;
				INFOPLIST_FILE = Info.plist;
				INFOPLIST_KEY_CFBundleDisplayName = "Trophy Rooms";
				INFOPLIST_KEY_LSApplicationCategoryType = "public.app-category.games";
				INFOPLIST_KEY_UIApplicationSceneManifest_Generation = YES;
				INFOPLIST_KEY_UIApplicationSupportsIndirectInputEvents = YES;
				INFOPLIST_KEY_UILaunchScreen_Generation = YES;
				INFOPLIST_KEY_UISupportedInterfaceOrientations_iPad = "UIInterfaceOrientationPortrait UIInterfaceOrientationPortraitUpsideDown UIInterfaceOrientationLandscapeLeft UIInterfaceOrientationLandscapeRight";
				INFOPLIST_KEY_UISupportedInterfaceOrientations_iPhone = "UIInterfaceOrientationPortrait UIInterfaceOrientationLandscapeLeft UIInterfaceOrientationLandscapeRight";
				IPHONEOS_DEPLOYMENT_TARGET = 18.0;
				LD_RUNPATH_SEARCH_PATHS = (
					"$(inherited)",
					"@executable_path/Frameworks",
				);
				MARKETING_VERSION = 1.0;
				PRODUCT_BUNDLE_IDENTIFIER = "org.trophyrooms.Trophy-Rooms";
				PRODUCT_NAME = "$(TARGET_NAME)";
				STRING_CATALOG_GENERATE_SYMBOLS = YES;
				SWIFT_APPROACHABLE_CONCURRENCY = YES;
				SWIFT_DEFAULT_ACTOR_ISOLATION = MainActor;
				SWIFT_EMIT_LOC_STRINGS = YES;
				SWIFT_UPCOMING_FEATURE_MEMBER_IMPORT_VISIBILITY = YES;
				SWIFT_VERSION = 5.0;
				TARGETED_DEVICE_FAMILY = "1,2";
			};
			name = Release;
		};
		EB7016A72F549F3D0099D8C5 /* Debug */ = {
			isa = XCBuildConfiguration;
			buildSettings = {
				BUNDLE_LOADER = "$(TEST_HOST)";
				CODE_SIGN_STYLE = Automatic;
				CURRENT_PROJECT_VERSION = 1;
				DEVELOPMENT_TEAM = F35MJXTR84;
				GENERATE_INFOPLIST_FILE = YES;
				IPHONEOS_DEPLOYMENT_TARGET = 26.2;
				MARKETING_VERSION = 1.0;
				PRODUCT_BUNDLE_IDENTIFIER = "org.trophyrooms.Trophy-RoomsTests";
				PRODUCT_NAME = "$(TARGET_NAME)";
				STRING_CATALOG_GENERATE_SYMBOLS = NO;
				SWIFT_APPROACHABLE_CONCURRENCY = YES;
				SWIFT_EMIT_LOC_STRINGS = NO;
				SWIFT_UPCOMING_FEATURE_MEMBER_IMPORT_VISIBILITY = YES;
				SWIFT_VERSION = 5.0;
				TARGETED_DEVICE_FAMILY = "1,2";
				TEST_HOST = "$(BUILT_PRODUCTS_DIR)/Trophy Rooms.app/$(BUNDLE_EXECUTABLE_FOLDER_PATH)/Trophy Rooms";
			};
			name = Debug;
		};
		EB7016A82F549F3D0099D8C5 /* Release */ = {
			isa = XCBuildConfiguration;
			buildSettings = {
				BUNDLE_LOADER = "$(TEST_HOST)";
				CODE_SIGN_STYLE = Automatic;
				CURRENT_PROJECT_VERSION = 1;
				DEVELOPMENT_TEAM = F35MJXTR84;
				GENERATE_INFOPLIST_FILE = YES;
				IPHONEOS_DEPLOYMENT_TARGET = 26.2;
				MARKETING_VERSION = 1.0;
				PRODUCT_BUNDLE_IDENTIFIER = "org.trophyrooms.Trophy-RoomsTests";
				PRODUCT_NAME = "$(TARGET_NAME)";
				STRING_CATALOG_GENERATE_SYMBOLS = NO;
				SWIFT_APPROACHABLE_CONCURRENCY = YES;
				SWIFT_EMIT_LOC_STRINGS = NO;
				SWIFT_UPCOMING_FEATURE_MEMBER_IMPORT_VISIBILITY = YES;
				SWIFT_VERSION = 5.0;
				TARGETED_DEVICE_FAMILY = "1,2";
				TEST_HOST = "$(BUILT_PRODUCTS_DIR)/Trophy Rooms.app/$(BUNDLE_EXECUTABLE_FOLDER_PATH)/Trophy Rooms";
			};
			name = Release;
		};
		EB7016AA2F549F3D0099D8C5 /* Debug */ = {
			isa = XCBuildConfiguration;
			buildSettings = {
				CODE_SIGN_STYLE = Automatic;
				CURRENT_PROJECT_VERSION = 1;
				DEVELOPMENT_TEAM = F35MJXTR84;
				GENERATE_INFOPLIST_FILE = YES;
				MARKETING_VERSION = 1.0;
				PRODUCT_BUNDLE_IDENTIFIER = "org.trophyrooms.Trophy-RoomsUITests";
				PRODUCT_NAME = "$(TARGET_NAME)";
				STRING_CATALOG_GENERATE_SYMBOLS = NO;
				SWIFT_APPROACHABLE_CONCURRENCY = YES;
				SWIFT_EMIT_LOC_STRINGS = NO;
				SWIFT_UPCOMING_FEATURE_MEMBER_IMPORT_VISIBILITY = YES;
				SWIFT_VERSION = 5.0;
				TARGETED_DEVICE_FAMILY = "1,2";
				TEST_TARGET_NAME = "Trophy Rooms";
			};
			name = Debug;
		};
		EB7016AB2F549F3D0099D8C5 /* Release */ = {
			isa = XCBuildConfiguration;
			buildSettings = {
				CODE_SIGN_STYLE = Automatic;
				CURRENT_PROJECT_VERSION = 1;
				DEVELOPMENT_TEAM = F35MJXTR84;
				GENERATE_INFOPLIST_FILE = YES;
				MARKETING_VERSION = 1.0;
				PRODUCT_BUNDLE_IDENTIFIER = "org.trophyrooms.Trophy-RoomsUITests";
				PRODUCT_NAME = "$(TARGET_NAME)";
				STRING_CATALOG_GENERATE_SYMBOLS = NO;
				SWIFT_APPROACHABLE_CONCURRENCY = YES;
				SWIFT_EMIT_LOC_STRINGS = NO;
				SWIFT_UPCOMING_FEATURE_MEMBER_IMPORT_VISIBILITY = YES;
				SWIFT_VERSION = 5.0;
				TARGETED_DEVICE_FAMILY = "1,2";
				TEST_TARGET_NAME = "Trophy Rooms";
			};
			name = Release;
		};
/* End XCBuildConfiguration section */

/* Begin XCConfigurationList section */
		EB70167B2F549F3B0099D8C5 /* Build configuration list for PBXProject "Trophy Rooms" */ = {
			isa = XCConfigurationList;
			buildConfigurations = (
				EB7016A12F549F3D0099D8C5 /* Debug */,
				EB7016A22F549F3D0099D8C5 /* Release */,
			);
			defaultConfigurationIsVisible = 0;
			defaultConfigurationName = Release;
		};
		EB7016A32F549F3D0099D8C5 /* Build configuration list for PBXNativeTarget "Trophy Rooms" */ = {
			isa = XCConfigurationList;
			buildConfigurations = (
				EB7016A42F549F3D0099D8C5 /* Debug */,
				EB7016A52F549F3D0099D8C5 /* Release */,
			);
			defaultConfigurationIsVisible = 0;
			defaultConfigurationName = Release;
		};
		EB7016A62F549F3D0099D8C5 /* Build configuration list for PBXNativeTarget "Trophy RoomsTests" */ = {
			isa = XCConfigurationList;
			buildConfigurations = (
				EB7016A72F549F3D0099D8C5 /* Debug */,
				EB7016A82F549F3D0099D8C5 /* Release */,
			);
			defaultConfigurationIsVisible = 0;
			defaultConfigurationName = Release;
		};
		EB7016A92F549F3D0099D8C5 /* Build configuration list for PBXNativeTarget "Trophy RoomsUITests" */ = {
			isa = XCConfigurationList;
			buildConfigurations = (
				EB7016AA2F549F3D0099D8C5 /* Debug */,
				EB7016AB2F549F3D0099D8C5 /* Release */,
			);
			defaultConfigurationIsVisible = 0;
			defaultConfigurationName = Release;
		};
/* End XCConfigurationList section */

/* Begin XCRemoteSwiftPackageReference section */
		EB454BB82F6737260033B7C6 /* XCRemoteSwiftPackageReference "clerk-ios" */ = {
			isa = XCRemoteSwiftPackageReference;
			repositoryURL = "https://github.com/clerk/clerk-ios";
			requirement = {
				kind = upToNextMajorVersion;
				minimumVersion = 1.0.5;
			};
		};
/* End XCRemoteSwiftPackageReference section */

/* Begin XCSwiftPackageProductDependency section */
		EB454BB92F6737260033B7C6 /* ClerkKit */ = {
			isa = XCSwiftPackageProductDependency;
			package = EB454BB82F6737260033B7C6 /* XCRemoteSwiftPackageReference "clerk-ios" */;
			productName = ClerkKit;
		};
		EB454BBB2F6737260033B7C6 /* ClerkKitUI */ = {
			isa = XCSwiftPackageProductDependency;
			package = EB454BB82F6737260033B7C6 /* XCRemoteSwiftPackageReference "clerk-ios" */;
			productName = ClerkKitUI;
		};
/* End XCSwiftPackageProductDependency section */
	};
	rootObject = EB7016782F549F3B0099D8C5 /* Project object */;
}
